// !$*UTF8*$!
{
	archiveVersion = 1;
	classes = {
	};
	objectVersion = 45;
	objects = {

/* Begin PBXBuildFile section */
		256AC3DA0F4B6AC300CF3369 /* CHAppDelegate.m in Sources */ = {isa = PBXBuildFile; fileRef = 256AC3D90F4B6AC300CF3369 /* CHAppDelegate.m */; };
		8D11072B0486CEB800E47090 /* InfoPlist.strings in Resources */ = {isa = PBXBuildFile; fileRef = 089C165CFE840E0CC02AAC07 /* InfoPlist.strings */; };
		8D11072D0486CEB800E47090 /* main.m in Sources */ = {isa = PBXBuildFile; fileRef = 29B97316FDCFA39411CA2CEA /* main.m */; settings = {ATTRIBUTES = (); }; };
		8D11072F0486CEB800E47090 /* Cocoa.framework in Frameworks */ = {isa = PBXBuildFile; fileRef = 1058C7A1FEA54F0111CA2CBB /* Cocoa.framework */; };
		9245E4A5128263BF00D3853E /* CHMainMenu.xib in Resources */ = {isa = PBXBuildFile; fileRef = 9245E4A4128263BF00D3853E /* CHMainMenu.xib */; };
		9245E50C12826B0000D3853E /* CHOverlayWindowController.m in Sources */ = {isa = PBXBuildFile; fileRef = 9245E50B12826B0000D3853E /* CHOverlayWindowController.m */; };
		9245E50E12826B1300D3853E /* CHOverlayWindowController.xib in Resources */ = {isa = PBXBuildFile; fileRef = 9245E50D12826B1300D3853E /* CHOverlayWindowController.xib */; };
		927316D512DA5CDC00D55A46 /* Growl.framework in Frameworks */ = {isa = PBXBuildFile; fileRef = 927316D412DA5CDC00D55A46 /* Growl.framework */; };
		927316F512DA611E00D55A46 /* Growl.framework in CopyFiles */ = {isa = PBXBuildFile; fileRef = 927316D412DA5CDC00D55A46 /* Growl.framework */; };
		9287E7B3127DC4B4000FCCB6 /* NSUserDefaults+Color.m in Sources */ = {isa = PBXBuildFile; fileRef = 9287E7B2127DC4B4000FCCB6 /* NSUserDefaults+Color.m */; };
		9294587B1281150600ABF139 /* Crosshairs.icns in Resources */ = {isa = PBXBuildFile; fileRef = 9294587A1281150600ABF139 /* Crosshairs.icns */; };
		92CC56CD127E117400A7CEED /* MPLoginItems.m in Sources */ = {isa = PBXBuildFile; fileRef = 92CC56CC127E117400A7CEED /* MPLoginItems.m */; };
		92CC576B127E1C6200A7CEED /* ShortcutRecorder.framework in Frameworks */ = {isa = PBXBuildFile; fileRef = 92CC576A127E1C6200A7CEED /* ShortcutRecorder.framework */; };
		92CC5776127E1C6500A7CEED /* ShortcutRecorder.framework in CopyFiles */ = {isa = PBXBuildFile; fileRef = 92CC576A127E1C6200A7CEED /* ShortcutRecorder.framework */; };
		BF0AA0CF125D68BA00EB9C85 /* CHANGELOG.md in Resources */ = {isa = PBXBuildFile; fileRef = BF0AA0CE125D68BA00EB9C85 /* CHANGELOG.md */; };
		BF492AEB1259385800641851 /* resize_cursor_diagonal_right.tiff in Resources */ = {isa = PBXBuildFile; fileRef = BF492AE91259385800641851 /* resize_cursor_diagonal_right.tiff */; };
		BF492AEC1259385800641851 /* resize_cursor_diagonal_left.tiff in Resources */ = {isa = PBXBuildFile; fileRef = BF492AEA1259385800641851 /* resize_cursor_diagonal_left.tiff */; };
		BF61A8A71258EB59001E5D63 /* crosshairs_menu_off.png in Resources */ = {isa = PBXBuildFile; fileRef = BF61A8A61258EB59001E5D63 /* crosshairs_menu_off.png */; };
		BF626B3A126A304A005D84F0 /* NSCursor+Custom.m in Sources */ = {isa = PBXBuildFile; fileRef = BF626B39126A304A005D84F0 /* NSCursor+Custom.m */; };
		BF626E2C126A6065005D84F0 /* CHPreferences.m in Sources */ = {isa = PBXBuildFile; fileRef = BF626E2B126A6065005D84F0 /* CHPreferences.m */; };
		BF626EAB126A65BB005D84F0 /* CHGlobals.m in Sources */ = {isa = PBXBuildFile; fileRef = BF626EAA126A65BB005D84F0 /* CHGlobals.m */; };
		BF957AED12592F990064B988 /* DDHotKeyCenter.m in Sources */ = {isa = PBXBuildFile; fileRef = BF957AEC12592F990064B988 /* DDHotKeyCenter.m */; };
		BF957B091259310B0064B988 /* Carbon.framework in Frameworks */ = {isa = PBXBuildFile; fileRef = BF957B081259310B0064B988 /* Carbon.framework */; };
		BF9B1E28124EA86E00308205 /* crosshairs_cursor.png in Resources */ = {isa = PBXBuildFile; fileRef = BF9B1E27124EA86E00308205 /* crosshairs_cursor.png */; };
		BFADE6C5124C296F0065F2E0 /* CHOverlayWindow.m in Sources */ = {isa = PBXBuildFile; fileRef = BFADE6C4124C296F0065F2E0 /* CHOverlayWindow.m */; };
		BFADE6F0124C2A290065F2E0 /* CHOverlayView.m in Sources */ = {isa = PBXBuildFile; fileRef = BFADE6EF124C2A290065F2E0 /* CHOverlayView.m */; };
		BFECBA64125C03190001CB88 /* CHPreferencesController.m in Sources */ = {isa = PBXBuildFile; fileRef = BFECBA63125C03190001CB88 /* CHPreferencesController.m */; };
		BFECBA66125C032D0001CB88 /* CHPreferencesController.xib in Resources */ = {isa = PBXBuildFile; fileRef = BFECBA65125C032D0001CB88 /* CHPreferencesController.xib */; };
		BFECBAD6125C0BCA0001CB88 /* crosshairs_menu_on.png in Resources */ = {isa = PBXBuildFile; fileRef = BFECBAD5125C0BCA0001CB88 /* crosshairs_menu_on.png */; };
/* End PBXBuildFile section */

/* Begin PBXCopyFilesBuildPhase section */
		BFECBA01125BFE7A0001CB88 /* CopyFiles */ = {
			isa = PBXCopyFilesBuildPhase;
			buildActionMask = 2147483647;
			dstPath = "";
			dstSubfolderSpec = 10;
			files = (
				927316F512DA611E00D55A46 /* Growl.framework in CopyFiles */,
				92CC5776127E1C6500A7CEED /* ShortcutRecorder.framework in CopyFiles */,
			);
			runOnlyForDeploymentPostprocessing = 0;
		};
/* End PBXCopyFilesBuildPhase section */

/* Begin PBXFileReference section */
		089C165DFE840E0CC02AAC07 /* English */ = {isa = PBXFileReference; fileEncoding = 4; lastKnownFileType = text.plist.strings; name = English; path = English.lproj/InfoPlist.strings; sourceTree = "<group>"; };
		1058C7A1FEA54F0111CA2CBB /* Cocoa.framework */ = {isa = PBXFileReference; lastKnownFileType = wrapper.framework; name = Cocoa.framework; path = /System/Library/Frameworks/Cocoa.framework; sourceTree = "<absolute>"; };
		13E42FB307B3F0F600E4EEF1 /* CoreData.framework */ = {isa = PBXFileReference; lastKnownFileType = wrapper.framework; name = CoreData.framework; path = /System/Library/Frameworks/CoreData.framework; sourceTree = "<absolute>"; };
		256AC3D80F4B6AC300CF3369 /* CHAppDelegate.h */ = {isa = PBXFileReference; fileEncoding = 4; lastKnownFileType = sourcecode.c.h; path = CHAppDelegate.h; sourceTree = "<group>"; };
		256AC3D90F4B6AC300CF3369 /* CHAppDelegate.m */ = {isa = PBXFileReference; fileEncoding = 4; lastKnownFileType = sourcecode.c.objc; path = CHAppDelegate.m; sourceTree = "<group>"; };
		256AC3F00F4B6AF500CF3369 /* Crosshairs_Prefix.pch */ = {isa = PBXFileReference; fileEncoding = 4; lastKnownFileType = sourcecode.c.h; name = Crosshairs_Prefix.pch; path = source/Crosshairs_Prefix.pch; sourceTree = "<group>"; };
		29B97316FDCFA39411CA2CEA /* main.m */ = {isa = PBXFileReference; fileEncoding = 4; lastKnownFileType = sourcecode.c.objc; name = main.m; path = source/main.m; sourceTree = "<group>"; };
		29B97324FDCFA39411CA2CEA /* AppKit.framework */ = {isa = PBXFileReference; lastKnownFileType = wrapper.framework; name = AppKit.framework; path = /System/Library/Frameworks/AppKit.framework; sourceTree = "<absolute>"; };
		29B97325FDCFA39411CA2CEA /* Foundation.framework */ = {isa = PBXFileReference; lastKnownFileType = wrapper.framework; name = Foundation.framework; path = /System/Library/Frameworks/Foundation.framework; sourceTree = "<absolute>"; };
		8D1107310486CEB800E47090 /* Crosshairs-Info.plist */ = {isa = PBXFileReference; fileEncoding = 4; lastKnownFileType = text.plist.xml; path = "Crosshairs-Info.plist"; sourceTree = "<group>"; };
		8D1107320486CEB800E47090 /* Crosshairs.app */ = {isa = PBXFileReference; explicitFileType = wrapper.application; includeInIndex = 0; path = Crosshairs.app; sourceTree = BUILT_PRODUCTS_DIR; };
		9245E4A4128263BF00D3853E /* CHMainMenu.xib */ = {isa = PBXFileReference; lastKnownFileType = file.xib; path = CHMainMenu.xib; sourceTree = "<group>"; };
		9245E50A12826B0000D3853E /* CHOverlayWindowController.h */ = {isa = PBXFileReference; fileEncoding = 4; lastKnownFileType = sourcecode.c.h; path = CHOverlayWindowController.h; sourceTree = "<group>"; };
		9245E50B12826B0000D3853E /* CHOverlayWindowController.m */ = {isa = PBXFileReference; fileEncoding = 4; lastKnownFileType = sourcecode.c.objc; path = CHOverlayWindowController.m; sourceTree = "<group>"; };
		9245E50D12826B1300D3853E /* CHOverlayWindowController.xib */ = {isa = PBXFileReference; lastKnownFileType = file.xib; path = CHOverlayWindowController.xib; sourceTree = "<group>"; };
		927316D412DA5CDC00D55A46 /* Growl.framework */ = {isa = PBXFileReference; lastKnownFileType = wrapper.framework; path = Growl.framework; sourceTree = "<group>"; };
		9287E7B1127DC4B4000FCCB6 /* NSUserDefaults+Color.h */ = {isa = PBXFileReference; fileEncoding = 4; lastKnownFileType = sourcecode.c.h; path = "NSUserDefaults+Color.h"; sourceTree = "<group>"; };
		9287E7B2127DC4B4000FCCB6 /* NSUserDefaults+Color.m */ = {isa = PBXFileReference; fileEncoding = 4; lastKnownFileType = sourcecode.c.objc; path = "NSUserDefaults+Color.m"; sourceTree = "<group>"; };
		9294587A1281150600ABF139 /* Crosshairs.icns */ = {isa = PBXFileReference; lastKnownFileType = image.icns; path = Crosshairs.icns; sourceTree = "<group>"; };
		92CC56CB127E117400A7CEED /* MPLoginItems.h */ = {isa = PBXFileReference; fileEncoding = 4; lastKnownFileType = sourcecode.c.h; path = MPLoginItems.h; sourceTree = "<group>"; };
		92CC56CC127E117400A7CEED /* MPLoginItems.m */ = {isa = PBXFileReference; fileEncoding = 4; lastKnownFileType = sourcecode.c.objc; path = MPLoginItems.m; sourceTree = "<group>"; };
		92CC576A127E1C6200A7CEED /* ShortcutRecorder.framework */ = {isa = PBXFileReference; lastKnownFileType = wrapper.framework; path = ShortcutRecorder.framework; sourceTree = "<group>"; };
		BF0AA0CE125D68BA00EB9C85 /* CHANGELOG.md */ = {isa = PBXFileReference; fileEncoding = 4; lastKnownFileType = text; path = CHANGELOG.md; sourceTree = "<group>"; };
		BF492AE91259385800641851 /* resize_cursor_diagonal_right.tiff */ = {isa = PBXFileReference; lastKnownFileType = image.tiff; path = resize_cursor_diagonal_right.tiff; sourceTree = "<group>"; };
		BF492AEA1259385800641851 /* resize_cursor_diagonal_left.tiff */ = {isa = PBXFileReference; lastKnownFileType = image.tiff; path = resize_cursor_diagonal_left.tiff; sourceTree = "<group>"; };
		BF61A8A61258EB59001E5D63 /* crosshairs_menu_off.png */ = {isa = PBXFileReference; lastKnownFileType = image.png; path = crosshairs_menu_off.png; sourceTree = "<group>"; };
		BF626B38126A304A005D84F0 /* NSCursor+Custom.h */ = {isa = PBXFileReference; fileEncoding = 4; lastKnownFileType = sourcecode.c.h; path = "NSCursor+Custom.h"; sourceTree = "<group>"; };
		BF626B39126A304A005D84F0 /* NSCursor+Custom.m */ = {isa = PBXFileReference; fileEncoding = 4; lastKnownFileType = sourcecode.c.objc; path = "NSCursor+Custom.m"; sourceTree = "<group>"; };
		BF626E2A126A6065005D84F0 /* CHPreferences.h */ = {isa = PBXFileReference; fileEncoding = 4; lastKnownFileType = sourcecode.c.h; path = CHPreferences.h; sourceTree = "<group>"; };
		BF626E2B126A6065005D84F0 /* CHPreferences.m */ = {isa = PBXFileReference; fileEncoding = 4; lastKnownFileType = sourcecode.c.objc; path = CHPreferences.m; sourceTree = "<group>"; };
		BF626EA9126A65BB005D84F0 /* CHGlobals.h */ = {isa = PBXFileReference; fileEncoding = 4; lastKnownFileType = sourcecode.c.h; path = CHGlobals.h; sourceTree = "<group>"; };
		BF626EAA126A65BB005D84F0 /* CHGlobals.m */ = {isa = PBXFileReference; fileEncoding = 4; lastKnownFileType = sourcecode.c.objc; path = CHGlobals.m; sourceTree = "<group>"; };
		BF957AEB12592F990064B988 /* DDHotKeyCenter.h */ = {isa = PBXFileReference; fileEncoding = 4; lastKnownFileType = sourcecode.c.h; path = DDHotKeyCenter.h; sourceTree = "<group>"; };
		BF957AEC12592F990064B988 /* DDHotKeyCenter.m */ = {isa = PBXFileReference; fileEncoding = 4; lastKnownFileType = sourcecode.c.objc; path = DDHotKeyCenter.m; sourceTree = "<group>"; };
		BF957B081259310B0064B988 /* Carbon.framework */ = {isa = PBXFileReference; lastKnownFileType = wrapper.framework; name = Carbon.framework; path = System/Library/Frameworks/Carbon.framework; sourceTree = SDKROOT; };
		BF9B1E27124EA86E00308205 /* crosshairs_cursor.png */ = {isa = PBXFileReference; lastKnownFileType = image.png; path = crosshairs_cursor.png; sourceTree = "<group>"; };
		BFADE6C3124C296F0065F2E0 /* CHOverlayWindow.h */ = {isa = PBXFileReference; fileEncoding = 4; lastKnownFileType = sourcecode.c.h; path = CHOverlayWindow.h; sourceTree = "<group>"; };
		BFADE6C4124C296F0065F2E0 /* CHOverlayWindow.m */ = {isa = PBXFileReference; fileEncoding = 4; lastKnownFileType = sourcecode.c.objc; path = CHOverlayWindow.m; sourceTree = "<group>"; };
		BFADE6EE124C2A290065F2E0 /* CHOverlayView.h */ = {isa = PBXFileReference; fileEncoding = 4; lastKnownFileType = sourcecode.c.h; path = CHOverlayView.h; sourceTree = "<group>"; };
		BFADE6EF124C2A290065F2E0 /* CHOverlayView.m */ = {isa = PBXFileReference; fileEncoding = 4; lastKnownFileType = sourcecode.c.objc; path = CHOverlayView.m; sourceTree = "<group>"; };
		BFECBA62125C03190001CB88 /* CHPreferencesController.h */ = {isa = PBXFileReference; fileEncoding = 4; lastKnownFileType = sourcecode.c.h; path = CHPreferencesController.h; sourceTree = "<group>"; };
		BFECBA63125C03190001CB88 /* CHPreferencesController.m */ = {isa = PBXFileReference; fileEncoding = 4; lastKnownFileType = sourcecode.c.objc; path = CHPreferencesController.m; sourceTree = "<group>"; };
		BFECBA65125C032D0001CB88 /* CHPreferencesController.xib */ = {isa = PBXFileReference; lastKnownFileType = file.xib; path = CHPreferencesController.xib; sourceTree = "<group>"; };
		BFECBAD5125C0BCA0001CB88 /* crosshairs_menu_on.png */ = {isa = PBXFileReference; lastKnownFileType = image.png; path = crosshairs_menu_on.png; sourceTree = "<group>"; };
/* End PBXFileReference section */

/* Begin PBXFrameworksBuildPhase section */
		8D11072E0486CEB800E47090 /* Frameworks */ = {
			isa = PBXFrameworksBuildPhase;
			buildActionMask = 2147483647;
			files = (
				8D11072F0486CEB800E47090 /* Cocoa.framework in Frameworks */,
				BF957B091259310B0064B988 /* Carbon.framework in Frameworks */,
				92CC576B127E1C6200A7CEED /* ShortcutRecorder.framework in Frameworks */,
				927316D512DA5CDC00D55A46 /* Growl.framework in Frameworks */,
			);
			runOnlyForDeploymentPostprocessing = 0;
		};
/* End PBXFrameworksBuildPhase section */

/* Begin PBXGroup section */
		080E96DDFE201D6D7F000001 /* Classes */ = {
			isa = PBXGroup;
			children = (
				92CC56CA127E116400A7CEED /* MPLoginItems */,
				BF626E2D126A6071005D84F0 /* Categories */,
				BF957AEA12592F8E0064B988 /* DDHotKey */,
				9287E794127DC1FF000FCCB6 /* Models */,
				92CC55A2127DFB8300A7CEED /* Views */,
				92CC55A1127DF8D800A7CEED /* Controllers */,
				256AC3D80F4B6AC300CF3369 /* CHAppDelegate.h */,
				256AC3D90F4B6AC300CF3369 /* CHAppDelegate.m */,
			);
			name = Classes;
			path = source;
			sourceTree = "<group>";
		};
		1058C7A0FEA54F0111CA2CBB /* Linked Frameworks */ = {
			isa = PBXGroup;
			children = (
				1058C7A1FEA54F0111CA2CBB /* Cocoa.framework */,
				BF957B081259310B0064B988 /* Carbon.framework */,
			);
			name = "Linked Frameworks";
			sourceTree = "<group>";
		};
		1058C7A2FEA54F0111CA2CBB /* Other Frameworks */ = {
			isa = PBXGroup;
			children = (
				29B97324FDCFA39411CA2CEA /* AppKit.framework */,
				13E42FB307B3F0F600E4EEF1 /* CoreData.framework */,
				29B97325FDCFA39411CA2CEA /* Foundation.framework */,
			);
			name = "Other Frameworks";
			sourceTree = "<group>";
		};
		19C28FACFE9D520D11CA2CBB /* Products */ = {
			isa = PBXGroup;
			children = (
				8D1107320486CEB800E47090 /* Crosshairs.app */,
			);
			name = Products;
			sourceTree = "<group>";
		};
		29B97314FDCFA39411CA2CEA /* Crosshairs */ = {
			isa = PBXGroup;
			children = (
				080E96DDFE201D6D7F000001 /* Classes */,
				29B97315FDCFA39411CA2CEA /* Other Sources */,
				29B97317FDCFA39411CA2CEA /* Resources */,
				29B97323FDCFA39411CA2CEA /* Frameworks */,
				19C28FACFE9D520D11CA2CBB /* Products */,
			);
			name = Crosshairs;
			sourceTree = "<group>";
		};
		29B97315FDCFA39411CA2CEA /* Other Sources */ = {
			isa = PBXGroup;
			children = (
				256AC3F00F4B6AF500CF3369 /* Crosshairs_Prefix.pch */,
				29B97316FDCFA39411CA2CEA /* main.m */,
			);
			name = "Other Sources";
			sourceTree = "<group>";
		};
		29B97317FDCFA39411CA2CEA /* Resources */ = {
			isa = PBXGroup;
			children = (
				9287E795127DC226000FCCB6 /* xibs */,
				BF492AE91259385800641851 /* resize_cursor_diagonal_right.tiff */,
				BF492AEA1259385800641851 /* resize_cursor_diagonal_left.tiff */,
				BF9B1E27124EA86E00308205 /* crosshairs_cursor.png */,
				BF61A8A61258EB59001E5D63 /* crosshairs_menu_off.png */,
				BFECBAD5125C0BCA0001CB88 /* crosshairs_menu_on.png */,
				9294587A1281150600ABF139 /* Crosshairs.icns */,
				8D1107310486CEB800E47090 /* Crosshairs-Info.plist */,
				089C165CFE840E0CC02AAC07 /* InfoPlist.strings */,
				BF0AA0CE125D68BA00EB9C85 /* CHANGELOG.md */,
			);
			name = Resources;
			path = resources;
			sourceTree = "<group>";
		};
		29B97323FDCFA39411CA2CEA /* Frameworks */ = {
			isa = PBXGroup;
			children = (
				927316D412DA5CDC00D55A46 /* Growl.framework */,
				92CC576A127E1C6200A7CEED /* ShortcutRecorder.framework */,
				1058C7A0FEA54F0111CA2CBB /* Linked Frameworks */,
				1058C7A2FEA54F0111CA2CBB /* Other Frameworks */,
			);
			name = Frameworks;
			sourceTree = "<group>";
		};
		9287E794127DC1FF000FCCB6 /* Models */ = {
			isa = PBXGroup;
			children = (
				BF626EA9126A65BB005D84F0 /* CHGlobals.h */,
				BF626EAA126A65BB005D84F0 /* CHGlobals.m */,
				BF626E2A126A6065005D84F0 /* CHPreferences.h */,
				BF626E2B126A6065005D84F0 /* CHPreferences.m */,
			);
			name = Models;
			sourceTree = "<group>";
		};
		9287E795127DC226000FCCB6 /* xibs */ = {
			isa = PBXGroup;
			children = (
				BFECBA65125C032D0001CB88 /* CHPreferencesController.xib */,
				9245E4A4128263BF00D3853E /* CHMainMenu.xib */,
				9245E50D12826B1300D3853E /* CHOverlayWindowController.xib */,
			);
			name = xibs;
			sourceTree = "<group>";
		};
		92CC55A1127DF8D800A7CEED /* Controllers */ = {
			isa = PBXGroup;
			children = (
				BFECBA62125C03190001CB88 /* CHPreferencesController.h */,
				BFECBA63125C03190001CB88 /* CHPreferencesController.m */,
				9245E50A12826B0000D3853E /* CHOverlayWindowController.h */,
				9245E50B12826B0000D3853E /* CHOverlayWindowController.m */,
			);
			name = Controllers;
			sourceTree = "<group>";
		};
		92CC55A2127DFB8300A7CEED /* Views */ = {
			isa = PBXGroup;
			children = (
				BFADE6C3124C296F0065F2E0 /* CHOverlayWindow.h */,
				BFADE6C4124C296F0065F2E0 /* CHOverlayWindow.m */,
				BFADE6EE124C2A290065F2E0 /* CHOverlayView.h */,
				BFADE6EF124C2A290065F2E0 /* CHOverlayView.m */,
			);
			name = Views;
			sourceTree = "<group>";
		};
		92CC56CA127E116400A7CEED /* MPLoginItems */ = {
			isa = PBXGroup;
			children = (
				92CC56CB127E117400A7CEED /* MPLoginItems.h */,
				92CC56CC127E117400A7CEED /* MPLoginItems.m */,
			);
			name = MPLoginItems;
			sourceTree = "<group>";
		};
		BF626E2D126A6071005D84F0 /* Categories */ = {
			isa = PBXGroup;
			children = (
				BF626B38126A304A005D84F0 /* NSCursor+Custom.h */,
				BF626B39126A304A005D84F0 /* NSCursor+Custom.m */,
				9287E7B1127DC4B4000FCCB6 /* NSUserDefaults+Color.h */,
				9287E7B2127DC4B4000FCCB6 /* NSUserDefaults+Color.m */,
			);
			name = Categories;
			sourceTree = "<group>";
		};
		BF957AEA12592F8E0064B988 /* DDHotKey */ = {
			isa = PBXGroup;
			children = (
				BF957AEB12592F990064B988 /* DDHotKeyCenter.h */,
				BF957AEC12592F990064B988 /* DDHotKeyCenter.m */,
			);
			name = DDHotKey;
			sourceTree = "<group>";
		};
/* End PBXGroup section */

/* Begin PBXNativeTarget section */
		8D1107260486CEB800E47090 /* Crosshairs */ = {
			isa = PBXNativeTarget;
			buildConfigurationList = C01FCF4A08A954540054247B /* Build configuration list for PBXNativeTarget "Crosshairs" */;
			buildPhases = (
				8D1107290486CEB800E47090 /* Resources */,
				8D11072C0486CEB800E47090 /* Sources */,
				8D11072E0486CEB800E47090 /* Frameworks */,
				BFECBA01125BFE7A0001CB88 /* CopyFiles */,
			);
			buildRules = (
			);
			dependencies = (
			);
			name = Crosshairs;
			productInstallPath = "$(HOME)/Applications";
			productName = Crosshairs;
			productReference = 8D1107320486CEB800E47090 /* Crosshairs.app */;
			productType = "com.apple.product-type.application";
		};
/* End PBXNativeTarget section */

/* Begin PBXProject section */
		29B97313FDCFA39411CA2CEA /* Project object */ = {
			isa = PBXProject;
			buildConfigurationList = C01FCF4E08A954540054247B /* Build configuration list for PBXProject "Crosshairs" */;
			compatibilityVersion = "Xcode 3.1";
			developmentRegion = English;
			hasScannedForEncodings = 1;
			knownRegions = (
				English,
				Japanese,
				French,
				German,
			);
			mainGroup = 29B97314FDCFA39411CA2CEA /* Crosshairs */;
			projectDirPath = "";
			projectRoot = "";
			targets = (
				8D1107260486CEB800E47090 /* Crosshairs */,
			);
		};
/* End PBXProject section */

/* Begin PBXResourcesBuildPhase section */
		8D1107290486CEB800E47090 /* Resources */ = {
			isa = PBXResourcesBuildPhase;
			buildActionMask = 2147483647;
			files = (
				8D11072B0486CEB800E47090 /* InfoPlist.strings in Resources */,
				BF9B1E28124EA86E00308205 /* crosshairs_cursor.png in Resources */,
				BF61A8A71258EB59001E5D63 /* crosshairs_menu_off.png in Resources */,
				BF492AEB1259385800641851 /* resize_cursor_diagonal_right.tiff in Resources */,
				BF492AEC1259385800641851 /* resize_cursor_diagonal_left.tiff in Resources */,
				BFECBA66125C032D0001CB88 /* CHPreferencesController.xib in Resources */,
				BFECBAD6125C0BCA0001CB88 /* crosshairs_menu_on.png in Resources */,
				BF0AA0CF125D68BA00EB9C85 /* CHANGELOG.md in Resources */,
				9294587B1281150600ABF139 /* Crosshairs.icns in Resources */,
				9245E4A5128263BF00D3853E /* CHMainMenu.xib in Resources */,
				9245E50E12826B1300D3853E /* CHOverlayWindowController.xib in Resources */,
			);
			runOnlyForDeploymentPostprocessing = 0;
		};
/* End PBXResourcesBuildPhase section */

/* Begin PBXSourcesBuildPhase section */
		8D11072C0486CEB800E47090 /* Sources */ = {
			isa = PBXSourcesBuildPhase;
			buildActionMask = 2147483647;
			files = (
				8D11072D0486CEB800E47090 /* main.m in Sources */,
				256AC3DA0F4B6AC300CF3369 /* CHAppDelegate.m in Sources */,
				BFADE6C5124C296F0065F2E0 /* CHOverlayWindow.m in Sources */,
				BFADE6F0124C2A290065F2E0 /* CHOverlayView.m in Sources */,
				BF957AED12592F990064B988 /* DDHotKeyCenter.m in Sources */,
				BFECBA64125C03190001CB88 /* CHPreferencesController.m in Sources */,
				BF626B3A126A304A005D84F0 /* NSCursor+Custom.m in Sources */,
				BF626E2C126A6065005D84F0 /* CHPreferences.m in Sources */,
				BF626EAB126A65BB005D84F0 /* CHGlobals.m in Sources */,
				9287E7B3127DC4B4000FCCB6 /* NSUserDefaults+Color.m in Sources */,
				92CC56CD127E117400A7CEED /* MPLoginItems.m in Sources */,
				9245E50C12826B0000D3853E /* CHOverlayWindowController.m in Sources */,
			);
			runOnlyForDeploymentPostprocessing = 0;
		};
/* End PBXSourcesBuildPhase section */

/* Begin PBXVariantGroup section */
		089C165CFE840E0CC02AAC07 /* InfoPlist.strings */ = {
			isa = PBXVariantGroup;
			children = (
				089C165DFE840E0CC02AAC07 /* English */,
			);
			name = InfoPlist.strings;
			sourceTree = "<group>";
		};
/* End PBXVariantGroup section */

/* Begin XCBuildConfiguration section */
		9273174B12DA642900D55A46 /* App Store */ = {
			isa = XCBuildConfiguration;
			buildSettings = {
				ARCHS = "$(ARCHS_STANDARD_32_64_BIT)";
				GCC_C_LANGUAGE_STANDARD = gnu99;
				GCC_WARN_ABOUT_RETURN_TYPE = YES;
				GCC_WARN_UNUSED_VARIABLE = YES;
				PREBINDING = NO;
				SDKROOT = macosx;
			};
			name = "App Store";
		};
		9273174C12DA642900D55A46 /* App Store */ = {
			isa = XCBuildConfiguration;
			buildSettings = {
				ALWAYS_SEARCH_USER_PATHS = NO;
				CODE_SIGN_IDENTITY = "3rd Party Mac Developer Application: Giant Comet";
				DEBUG_INFORMATION_FORMAT = "dwarf-with-dsym";
				FRAMEWORK_SEARCH_PATHS = (
					"$(inherited)",
					"\"$(SRCROOT)\"",
				);
				GCC_MODEL_TUNING = G5;
				GCC_PRECOMPILE_PREFIX_HEADER = YES;
				GCC_PREFIX_HEADER = source/Crosshairs_Prefix.pch;
				INFOPLIST_FILE = "resources/Crosshairs-Info.plist";
				INSTALL_PATH = "$(HOME)/Applications";
				PRODUCT_NAME = Crosshairs;
				SDKROOT = macosx;
				VALID_ARCHS = "i386 x86_64";
			};
			name = "App Store";
		};
		C01FCF4B08A954540054247B /* Debug */ = {
			isa = XCBuildConfiguration;
			buildSettings = {
				ALWAYS_SEARCH_USER_PATHS = NO;
				COPY_PHASE_STRIP = NO;
				FRAMEWORK_SEARCH_PATHS = (
					"$(inherited)",
					"\"$(SRCROOT)\"",
				);
				GCC_DYNAMIC_NO_PIC = NO;
				GCC_ENABLE_FIX_AND_CONTINUE = YES;
				GCC_MODEL_TUNING = G5;
				GCC_OPTIMIZATION_LEVEL = 0;
				GCC_PRECOMPILE_PREFIX_HEADER = YES;
				GCC_PREFIX_HEADER = source/Crosshairs_Prefix.pch;
				INFOPLIST_FILE = "resources/Crosshairs-Info.plist";
				INSTALL_PATH = "$(HOME)/Applications";
				PRODUCT_NAME = Crosshairs;
				SDKROOT = macosx;
				VALID_ARCHS = "i386 x86_64";
			};
			name = Debug;
		};
		C01FCF4C08A954540054247B /* Release */ = {
			isa = XCBuildConfiguration;
			buildSettings = {
				ALWAYS_SEARCH_USER_PATHS = NO;
				DEBUG_INFORMATION_FORMAT = "dwarf-with-dsym";
				FRAMEWORK_SEARCH_PATHS = (
					"$(inherited)",
					"\"$(SRCROOT)\"",
				);
				GCC_MODEL_TUNING = G5;
				GCC_PRECOMPILE_PREFIX_HEADER = YES;
				GCC_PREFIX_HEADER = source/Crosshairs_Prefix.pch;
				INFOPLIST_FILE = "resources/Crosshairs-Info.plist";
				INSTALL_PATH = "$(HOME)/Applications";
				PRODUCT_NAME = Crosshairs;
				SDKROOT = macosx;
				VALID_ARCHS = "i386 x86_64";
			};
			name = Release;
		};
		C01FCF4F08A954540054247B /* Debug */ = {
			isa = XCBuildConfiguration;
			buildSettings = {
				ARCHS = "$(ARCHS_STANDARD_32_64_BIT)";
				GCC_C_LANGUAGE_STANDARD = gnu99;
				GCC_OPTIMIZATION_LEVEL = 0;
				GCC_WARN_ABOUT_RETURN_TYPE = YES;
				GCC_WARN_UNUSED_VARIABLE = YES;
				ONLY_ACTIVE_ARCH = YES;
				PREBINDING = NO;
				SDKROOT = macosx;
			};
			name = Debug;
		};
		C01FCF5008A954540054247B /* Release */ = {
			isa = XCBuildConfiguration;
			buildSettings = {
				ARCHS = "$(ARCHS_STANDARD_32_64_BIT)";
				GCC_C_LANGUAGE_STANDARD = gnu99;
				GCC_WARN_ABOUT_RETURN_TYPE = YES;
				GCC_WARN_UNUSED_VARIABLE = YES;
				PREBINDING = NO;
				SDKROOT = macosx;
			};
			name = Release;
		};
/* End XCBuildConfiguration section */

/* Begin XCConfigurationList section */
		C01FCF4A08A954540054247B /* Build configuration list for PBXNativeTarget "Crosshairs" */ = {
			isa = XCConfigurationList;
			buildConfigurations = (
				C01FCF4B08A954540054247B /* Debug */,
				C01FCF4C08A954540054247B /* Release */,
				9273174C12DA642900D55A46 /* App Store */,
			);
			defaultConfigurationIsVisible = 0;
			defaultConfigurationName = Release;
		};
		C01FCF4E08A954540054247B /* Build configuration list for PBXProject "Crosshairs" */ = {
			isa = XCConfigurationList;
			buildConfigurations = (
				C01FCF4F08A954540054247B /* Debug */,
				C01FCF5008A954540054247B /* Release */,
				9273174B12DA642900D55A46 /* App Store */,
			);
			defaultConfigurationIsVisible = 0;
			defaultConfigurationName = Release;
		};
/* End XCConfigurationList section */
	};
	rootObject = 29B97313FDCFA39411CA2CEA /* Project object */;
}
