// !$*UTF8*$!
{
	archiveVersion = 1;
	classes = {
	};
	objectVersion = 46;
	objects = {

/* Begin PBXBuildFile section */
		256AC3DA0F4B6AC300CF3369 /* CHAppDelegate.m in Sources */ = {isa = PBXBuildFile; fileRef = 256AC3D90F4B6AC300CF3369 /* CHAppDelegate.m */; };
		8D11072B0486CEB800E47090 /* InfoPlist.strings in Resources */ = {isa = PBXBuildFile; fileRef = 089C165CFE840E0CC02AAC07 /* InfoPlist.strings */; };
		8D11072D0486CEB800E47090 /* main.m in Sources */ = {isa = PBXBuildFile; fileRef = 29B97316FDCFA39411CA2CEA /* main.m */; settings = {ATTRIBUTES = (); }; };
		8D11072F0486CEB800E47090 /* Cocoa.framework in Frameworks */ = {isa = PBXBuildFile; fileRef = 1058C7A1FEA54F0111CA2CBB /* Cocoa.framework */; };
		9212FF7514C774B600D30985 /* CHPreferencesWindowController.xib in Resources */ = {isa = PBXBuildFile; fileRef = 9212FF7414C774B600D30985 /* CHPreferencesWindowController.xib */; };
		92365A4E1302276F00A144A4 /* CHStatusView.m in Sources */ = {isa = PBXBuildFile; fileRef = 92365A4D1302276F00A144A4 /* CHStatusView.m */; };
		9245E4A5128263BF00D3853E /* CHMainMenu.xib in Resources */ = {isa = PBXBuildFile; fileRef = 9245E4A4128263BF00D3853E /* CHMainMenu.xib */; };
		9245E50C12826B0000D3853E /* CHOverlayWindowController.m in Sources */ = {isa = PBXBuildFile; fileRef = 9245E50B12826B0000D3853E /* CHOverlayWindowController.m */; };
		9245E50E12826B1300D3853E /* CHOverlayWindowController.xib in Resources */ = {isa = PBXBuildFile; fileRef = 9245E50D12826B1300D3853E /* CHOverlayWindowController.xib */; };
		9265D27A12FE60BF00060E01 /* WebKit.framework in Frameworks */ = {isa = PBXBuildFile; fileRef = 9265D27912FE60BF00060E01 /* WebKit.framework */; };
		9287E7B3127DC4B4000FCCB6 /* NSUserDefaults+Color.m in Sources */ = {isa = PBXBuildFile; fileRef = 9287E7B2127DC4B4000FCCB6 /* NSUserDefaults+Color.m */; };
		9294587B1281150600ABF139 /* Crosshairs.icns in Resources */ = {isa = PBXBuildFile; fileRef = 9294587A1281150600ABF139 /* Crosshairs.icns */; };
		92A50BE018EF3C17002560DD /* handle.png in Resources */ = {isa = PBXBuildFile; fileRef = 92A50BDE18EF3C17002560DD /* handle.png */; };
		92A50BE118EF3C17002560DD /* handle@2x.png in Resources */ = {isa = PBXBuildFile; fileRef = 92A50BDF18EF3C17002560DD /* handle@2x.png */; };
		92A50BE418EF3FBA002560DD /* CHGeometry.m in Sources */ = {isa = PBXBuildFile; fileRef = 92A50BE318EF3FBA002560DD /* CHGeometry.m */; };
		92A50BE918EF4153002560DD /* menu_active.png in Resources */ = {isa = PBXBuildFile; fileRef = 92A50BE518EF4153002560DD /* menu_active.png */; };
		92A50BEA18EF4153002560DD /* menu_active@2x.png in Resources */ = {isa = PBXBuildFile; fileRef = 92A50BE618EF4153002560DD /* menu_active@2x.png */; };
		92A50BEB18EF4153002560DD /* menu_default.png in Resources */ = {isa = PBXBuildFile; fileRef = 92A50BE718EF4153002560DD /* menu_default.png */; };
		92A50BEC18EF4153002560DD /* menu_default@2x.png in Resources */ = {isa = PBXBuildFile; fileRef = 92A50BE818EF4153002560DD /* menu_default@2x.png */; };
		92E8CB9512F62ED900A4FA67 /* bubble.png in Resources */ = {isa = PBXBuildFile; fileRef = 92E8CB9412F62ED900A4FA67 /* bubble.png */; };
		BF492AEB1259385800641851 /* resize_cursor_diagonal_right.tiff in Resources */ = {isa = PBXBuildFile; fileRef = BF492AE91259385800641851 /* resize_cursor_diagonal_right.tiff */; };
		BF492AEC1259385800641851 /* resize_cursor_diagonal_left.tiff in Resources */ = {isa = PBXBuildFile; fileRef = BF492AEA1259385800641851 /* resize_cursor_diagonal_left.tiff */; };
		BF626B3A126A304A005D84F0 /* NSCursor+Custom.m in Sources */ = {isa = PBXBuildFile; fileRef = BF626B39126A304A005D84F0 /* NSCursor+Custom.m */; };
		BF626E2C126A6065005D84F0 /* CHPreferences.m in Sources */ = {isa = PBXBuildFile; fileRef = BF626E2B126A6065005D84F0 /* CHPreferences.m */; };
		BF626EAB126A65BB005D84F0 /* CHGlobals.m in Sources */ = {isa = PBXBuildFile; fileRef = BF626EAA126A65BB005D84F0 /* CHGlobals.m */; };
		BF957AED12592F990064B988 /* DDHotKeyCenter.m in Sources */ = {isa = PBXBuildFile; fileRef = BF957AEC12592F990064B988 /* DDHotKeyCenter.m */; settings = {COMPILER_FLAGS = "-fno-objc-arc"; }; };
		BF957B091259310B0064B988 /* Carbon.framework in Frameworks */ = {isa = PBXBuildFile; fileRef = BF957B081259310B0064B988 /* Carbon.framework */; };
		BF9B1E28124EA86E00308205 /* crosshairs_cursor.png in Resources */ = {isa = PBXBuildFile; fileRef = BF9B1E27124EA86E00308205 /* crosshairs_cursor.png */; };
		BFADE6C5124C296F0065F2E0 /* CHOverlayWindow.m in Sources */ = {isa = PBXBuildFile; fileRef = BFADE6C4124C296F0065F2E0 /* CHOverlayWindow.m */; };
		BFADE6F0124C2A290065F2E0 /* CHOverlayView.m in Sources */ = {isa = PBXBuildFile; fileRef = BFADE6EF124C2A290065F2E0 /* CHOverlayView.m */; };
		BFECBA64125C03190001CB88 /* CHPreferencesController.m in Sources */ = {isa = PBXBuildFile; fileRef = BFECBA63125C03190001CB88 /* CHPreferencesController.m */; };
		BFECBAD6125C0BCA0001CB88 /* crosshairs_menu_highlight.png in Resources */ = {isa = PBXBuildFile; fileRef = BFECBAD5125C0BCA0001CB88 /* crosshairs_menu_highlight.png */; };
/* End PBXBuildFile section */

/* Begin PBXCopyFilesBuildPhase section */
		BFECBA01125BFE7A0001CB88 /* CopyFiles */ = {
			isa = PBXCopyFilesBuildPhase;
			buildActionMask = 2147483647;
			dstPath = "";
			dstSubfolderSpec = 10;
			files = (
			);
			runOnlyForDeploymentPostprocessing = 0;
		};
/* End PBXCopyFilesBuildPhase section */

/* Begin PBXFileReference section */
		089C165DFE840E0CC02AAC07 /* English */ = {isa = PBXFileReference; fileEncoding = 4; lastKnownFileType = text.plist.strings; name = English; path = English.lproj/InfoPlist.strings; sourceTree = "<group>"; };
		1058C7A1FEA54F0111CA2CBB /* Cocoa.framework */ = {isa = PBXFileReference; lastKnownFileType = wrapper.framework; name = Cocoa.framework; path = /System/Library/Frameworks/Cocoa.framework; sourceTree = "<absolute>"; };
		13E42FB307B3F0F600E4EEF1 /* CoreData.framework */ = {isa = PBXFileReference; lastKnownFileType = wrapper.framework; name = CoreData.framework; path = /System/Library/Frameworks/CoreData.framework; sourceTree = "<absolute>"; };
		256AC3D80F4B6AC300CF3369 /* CHAppDelegate.h */ = {isa = PBXFileReference; fileEncoding = 4; lastKnownFileType = sourcecode.c.h; path = CHAppDelegate.h; sourceTree = "<group>"; };
		256AC3D90F4B6AC300CF3369 /* CHAppDelegate.m */ = {isa = PBXFileReference; fileEncoding = 4; lastKnownFileType = sourcecode.c.objc; path = CHAppDelegate.m; sourceTree = "<group>"; };
		256AC3F00F4B6AF500CF3369 /* Crosshairs_Prefix.pch */ = {isa = PBXFileReference; fileEncoding = 4; lastKnownFileType = sourcecode.c.h; name = Crosshairs_Prefix.pch; path = source/Crosshairs_Prefix.pch; sourceTree = "<group>"; };
		29B97316FDCFA39411CA2CEA /* main.m */ = {isa = PBXFileReference; fileEncoding = 4; lastKnownFileType = sourcecode.c.objc; name = main.m; path = source/main.m; sourceTree = "<group>"; };
		29B97324FDCFA39411CA2CEA /* AppKit.framework */ = {isa = PBXFileReference; lastKnownFileType = wrapper.framework; name = AppKit.framework; path = /System/Library/Frameworks/AppKit.framework; sourceTree = "<absolute>"; };
		29B97325FDCFA39411CA2CEA /* Foundation.framework */ = {isa = PBXFileReference; lastKnownFileType = wrapper.framework; name = Foundation.framework; path = /System/Library/Frameworks/Foundation.framework; sourceTree = "<absolute>"; };
		8D1107310486CEB800E47090 /* Crosshairs-Info.plist */ = {isa = PBXFileReference; fileEncoding = 4; lastKnownFileType = text.plist.xml; path = "Crosshairs-Info.plist"; sourceTree = "<group>"; };
		8D1107320486CEB800E47090 /* Crosshairs.app */ = {isa = PBXFileReference; explicitFileType = wrapper.application; includeInIndex = 0; path = Crosshairs.app; sourceTree = BUILT_PRODUCTS_DIR; };
		9212FF7414C774B600D30985 /* CHPreferencesWindowController.xib */ = {isa = PBXFileReference; fileEncoding = 4; lastKnownFileType = file.xib; name = CHPreferencesWindowController.xib; path = ../resources/CHPreferencesWindowController.xib; sourceTree = "<group>"; };
		92365A4C1302276F00A144A4 /* CHStatusView.h */ = {isa = PBXFileReference; fileEncoding = 4; lastKnownFileType = sourcecode.c.h; path = CHStatusView.h; sourceTree = "<group>"; };
		92365A4D1302276F00A144A4 /* CHStatusView.m */ = {isa = PBXFileReference; fileEncoding = 4; lastKnownFileType = sourcecode.c.objc; path = CHStatusView.m; sourceTree = "<group>"; };
		9245E4A4128263BF00D3853E /* CHMainMenu.xib */ = {isa = PBXFileReference; lastKnownFileType = file.xib; name = CHMainMenu.xib; path = ../resources/CHMainMenu.xib; sourceTree = "<group>"; };
		9245E50A12826B0000D3853E /* CHOverlayWindowController.h */ = {isa = PBXFileReference; fileEncoding = 4; lastKnownFileType = sourcecode.c.h; path = CHOverlayWindowController.h; sourceTree = "<group>"; };
		9245E50B12826B0000D3853E /* CHOverlayWindowController.m */ = {isa = PBXFileReference; fileEncoding = 4; indentWidth = 4; lastKnownFileType = sourcecode.c.objc; path = CHOverlayWindowController.m; sourceTree = "<group>"; tabWidth = 4; };
		9245E50D12826B1300D3853E /* CHOverlayWindowController.xib */ = {isa = PBXFileReference; lastKnownFileType = file.xib; name = CHOverlayWindowController.xib; path = ../resources/CHOverlayWindowController.xib; sourceTree = "<group>"; };
		9265D27912FE60BF00060E01 /* WebKit.framework */ = {isa = PBXFileReference; lastKnownFileType = wrapper.framework; name = WebKit.framework; path = System/Library/Frameworks/WebKit.framework; sourceTree = SDKROOT; };
		9287E7B1127DC4B4000FCCB6 /* NSUserDefaults+Color.h */ = {isa = PBXFileReference; fileEncoding = 4; lastKnownFileType = sourcecode.c.h; path = "NSUserDefaults+Color.h"; sourceTree = "<group>"; };
		9287E7B2127DC4B4000FCCB6 /* NSUserDefaults+Color.m */ = {isa = PBXFileReference; fileEncoding = 4; lastKnownFileType = sourcecode.c.objc; path = "NSUserDefaults+Color.m"; sourceTree = "<group>"; };
		9294587A1281150600ABF139 /* Crosshairs.icns */ = {isa = PBXFileReference; lastKnownFileType = image.icns; path = Crosshairs.icns; sourceTree = "<group>"; };
		92A50BDE18EF3C17002560DD /* handle.png */ = {isa = PBXFileReference; lastKnownFileType = image.png; path = handle.png; sourceTree = "<group>"; };
		92A50BDF18EF3C17002560DD /* handle@2x.png */ = {isa = PBXFileReference; lastKnownFileType = image.png; path = "handle@2x.png"; sourceTree = "<group>"; };
		92A50BE218EF3FBA002560DD /* CHGeometry.h */ = {isa = PBXFileReference; fileEncoding = 4; lastKnownFileType = sourcecode.c.h; path = CHGeometry.h; sourceTree = "<group>"; };
		92A50BE318EF3FBA002560DD /* CHGeometry.m */ = {isa = PBXFileReference; fileEncoding = 4; lastKnownFileType = sourcecode.c.objc; path = CHGeometry.m; sourceTree = "<group>"; };
		92A50BE518EF4153002560DD /* menu_active.png */ = {isa = PBXFileReference; lastKnownFileType = image.png; path = menu_active.png; sourceTree = "<group>"; };
		92A50BE618EF4153002560DD /* menu_active@2x.png */ = {isa = PBXFileReference; lastKnownFileType = image.png; path = "menu_active@2x.png"; sourceTree = "<group>"; };
		92A50BE718EF4153002560DD /* menu_default.png */ = {isa = PBXFileReference; lastKnownFileType = image.png; path = menu_default.png; sourceTree = "<group>"; };
		92A50BE818EF4153002560DD /* menu_default@2x.png */ = {isa = PBXFileReference; lastKnownFileType = image.png; path = "menu_default@2x.png"; sourceTree = "<group>"; };
		92E8CB9412F62ED900A4FA67 /* bubble.png */ = {isa = PBXFileReference; lastKnownFileType = image.png; path = bubble.png; sourceTree = "<group>"; };
		92ED6ED516B1ECA400BE43BC /* Crosshairs.entitlements */ = {isa = PBXFileReference; lastKnownFileType = text.xml; name = Crosshairs.entitlements; path = ../Crosshairs.entitlements; sourceTree = "<group>"; };
		BF492AE91259385800641851 /* resize_cursor_diagonal_right.tiff */ = {isa = PBXFileReference; lastKnownFileType = image.tiff; path = resize_cursor_diagonal_right.tiff; sourceTree = "<group>"; };
		BF492AEA1259385800641851 /* resize_cursor_diagonal_left.tiff */ = {isa = PBXFileReference; lastKnownFileType = image.tiff; path = resize_cursor_diagonal_left.tiff; sourceTree = "<group>"; };
		BF626B38126A304A005D84F0 /* NSCursor+Custom.h */ = {isa = PBXFileReference; fileEncoding = 4; lastKnownFileType = sourcecode.c.h; path = "NSCursor+Custom.h"; sourceTree = "<group>"; };
		BF626B39126A304A005D84F0 /* NSCursor+Custom.m */ = {isa = PBXFileReference; fileEncoding = 4; lastKnownFileType = sourcecode.c.objc; path = "NSCursor+Custom.m"; sourceTree = "<group>"; };
		BF626E2A126A6065005D84F0 /* CHPreferences.h */ = {isa = PBXFileReference; fileEncoding = 4; lastKnownFileType = sourcecode.c.h; path = CHPreferences.h; sourceTree = "<group>"; };
		BF626E2B126A6065005D84F0 /* CHPreferences.m */ = {isa = PBXFileReference; fileEncoding = 4; lastKnownFileType = sourcecode.c.objc; path = CHPreferences.m; sourceTree = "<group>"; };
		BF626EA9126A65BB005D84F0 /* CHGlobals.h */ = {isa = PBXFileReference; fileEncoding = 4; lastKnownFileType = sourcecode.c.h; path = CHGlobals.h; sourceTree = "<group>"; };
		BF626EAA126A65BB005D84F0 /* CHGlobals.m */ = {isa = PBXFileReference; fileEncoding = 4; lastKnownFileType = sourcecode.c.objc; path = CHGlobals.m; sourceTree = "<group>"; };
		BF957AEB12592F990064B988 /* DDHotKeyCenter.h */ = {isa = PBXFileReference; fileEncoding = 4; lastKnownFileType = sourcecode.c.h; path = DDHotKeyCenter.h; sourceTree = "<group>"; };
		BF957AEC12592F990064B988 /* DDHotKeyCenter.m */ = {isa = PBXFileReference; fileEncoding = 4; lastKnownFileType = sourcecode.c.objc; path = DDHotKeyCenter.m; sourceTree = "<group>"; };
		BF957B081259310B0064B988 /* Carbon.framework */ = {isa = PBXFileReference; lastKnownFileType = wrapper.framework; name = Carbon.framework; path = System/Library/Frameworks/Carbon.framework; sourceTree = SDKROOT; };
		BF9B1E27124EA86E00308205 /* crosshairs_cursor.png */ = {isa = PBXFileReference; lastKnownFileType = image.png; path = crosshairs_cursor.png; sourceTree = "<group>"; };
		BFADE6C3124C296F0065F2E0 /* CHOverlayWindow.h */ = {isa = PBXFileReference; fileEncoding = 4; lastKnownFileType = sourcecode.c.h; path = CHOverlayWindow.h; sourceTree = "<group>"; };
		BFADE6C4124C296F0065F2E0 /* CHOverlayWindow.m */ = {isa = PBXFileReference; fileEncoding = 4; lastKnownFileType = sourcecode.c.objc; path = CHOverlayWindow.m; sourceTree = "<group>"; };
		BFADE6EE124C2A290065F2E0 /* CHOverlayView.h */ = {isa = PBXFileReference; fileEncoding = 4; lastKnownFileType = sourcecode.c.h; path = CHOverlayView.h; sourceTree = "<group>"; };
		BFADE6EF124C2A290065F2E0 /* CHOverlayView.m */ = {isa = PBXFileReference; fileEncoding = 4; lastKnownFileType = sourcecode.c.objc; path = CHOverlayView.m; sourceTree = "<group>"; };
		BFECBA62125C03190001CB88 /* CHPreferencesController.h */ = {isa = PBXFileReference; fileEncoding = 4; lastKnownFileType = sourcecode.c.h; path = CHPreferencesController.h; sourceTree = "<group>"; };
		BFECBA63125C03190001CB88 /* CHPreferencesController.m */ = {isa = PBXFileReference; fileEncoding = 4; lastKnownFileType = sourcecode.c.objc; path = CHPreferencesController.m; sourceTree = "<group>"; };
		BFECBAD5125C0BCA0001CB88 /* crosshairs_menu_highlight.png */ = {isa = PBXFileReference; lastKnownFileType = image.png; path = crosshairs_menu_highlight.png; sourceTree = "<group>"; };
/* End PBXFileReference section */

/* Begin PBXFrameworksBuildPhase section */
		8D11072E0486CEB800E47090 /* Frameworks */ = {
			isa = PBXFrameworksBuildPhase;
			buildActionMask = 2147483647;
			files = (
				8D11072F0486CEB800E47090 /* Cocoa.framework in Frameworks */,
				BF957B091259310B0064B988 /* Carbon.framework in Frameworks */,
				9265D27A12FE60BF00060E01 /* WebKit.framework in Frameworks */,
			);
			runOnlyForDeploymentPostprocessing = 0;
		};
/* End PBXFrameworksBuildPhase section */

/* Begin PBXGroup section */
		080E96DDFE201D6D7F000001 /* Classes */ = {
			isa = PBXGroup;
			children = (
				92A50BDD18EF378C002560DD /* Application */,
				921F574714D24DEE0089D7B2 /* Vendor */,
				BF626E2D126A6071005D84F0 /* Categories */,
				9287E794127DC1FF000FCCB6 /* Models */,
				92CC55A2127DFB8300A7CEED /* Views */,
				92CC55A1127DF8D800A7CEED /* Controllers */,
			);
			name = Classes;
			path = source;
			sourceTree = "<group>";
		};
		1058C7A0FEA54F0111CA2CBB /* Linked Frameworks */ = {
			isa = PBXGroup;
			children = (
				1058C7A1FEA54F0111CA2CBB /* Cocoa.framework */,
				BF957B081259310B0064B988 /* Carbon.framework */,
				9265D27912FE60BF00060E01 /* WebKit.framework */,
			);
			name = "Linked Frameworks";
			sourceTree = "<group>";
		};
		1058C7A2FEA54F0111CA2CBB /* Other Frameworks */ = {
			isa = PBXGroup;
			children = (
				29B97324FDCFA39411CA2CEA /* AppKit.framework */,
				13E42FB307B3F0F600E4EEF1 /* CoreData.framework */,
				29B97325FDCFA39411CA2CEA /* Foundation.framework */,
			);
			name = "Other Frameworks";
			sourceTree = "<group>";
		};
		19C28FACFE9D520D11CA2CBB /* Products */ = {
			isa = PBXGroup;
			children = (
				8D1107320486CEB800E47090 /* Crosshairs.app */,
			);
			name = Products;
			sourceTree = "<group>";
		};
		29B97314FDCFA39411CA2CEA /* Crosshairs */ = {
			isa = PBXGroup;
			children = (
				080E96DDFE201D6D7F000001 /* Classes */,
				921F574B14D24FE10089D7B2 /* Interface */,
				29B97315FDCFA39411CA2CEA /* Other Sources */,
				29B97317FDCFA39411CA2CEA /* Resources */,
				29B97323FDCFA39411CA2CEA /* Frameworks */,
				19C28FACFE9D520D11CA2CBB /* Products */,
			);
			indentWidth = 4;
			name = Crosshairs;
			sourceTree = "<group>";
			tabWidth = 4;
		};
		29B97315FDCFA39411CA2CEA /* Other Sources */ = {
			isa = PBXGroup;
			children = (
				256AC3F00F4B6AF500CF3369 /* Crosshairs_Prefix.pch */,
				29B97316FDCFA39411CA2CEA /* main.m */,
			);
			name = "Other Sources";
			sourceTree = "<group>";
		};
		29B97317FDCFA39411CA2CEA /* Resources */ = {
			isa = PBXGroup;
			children = (
				92ED6ED516B1ECA400BE43BC /* Crosshairs.entitlements */,
				92E8CB9412F62ED900A4FA67 /* bubble.png */,
				92A50BDE18EF3C17002560DD /* handle.png */,
				92A50BDF18EF3C17002560DD /* handle@2x.png */,
				BF492AE91259385800641851 /* resize_cursor_diagonal_right.tiff */,
				BF492AEA1259385800641851 /* resize_cursor_diagonal_left.tiff */,
				92A50BE518EF4153002560DD /* menu_active.png */,
				92A50BE618EF4153002560DD /* menu_active@2x.png */,
				92A50BE718EF4153002560DD /* menu_default.png */,
				92A50BE818EF4153002560DD /* menu_default@2x.png */,
				BF9B1E27124EA86E00308205 /* crosshairs_cursor.png */,
				BFECBAD5125C0BCA0001CB88 /* crosshairs_menu_highlight.png */,
				9294587A1281150600ABF139 /* Crosshairs.icns */,
				8D1107310486CEB800E47090 /* Crosshairs-Info.plist */,
				089C165CFE840E0CC02AAC07 /* InfoPlist.strings */,
			);
			name = Resources;
			path = resources;
			sourceTree = "<group>";
		};
		29B97323FDCFA39411CA2CEA /* Frameworks */ = {
			isa = PBXGroup;
			children = (
				1058C7A0FEA54F0111CA2CBB /* Linked Frameworks */,
				1058C7A2FEA54F0111CA2CBB /* Other Frameworks */,
			);
			name = Frameworks;
			sourceTree = "<group>";
		};
		921F574714D24DEE0089D7B2 /* Vendor */ = {
			isa = PBXGroup;
			children = (
				BF957AEA12592F8E0064B988 /* DDHotKey */,
			);
			name = Vendor;
			sourceTree = "<group>";
		};
		921F574B14D24FE10089D7B2 /* Interface */ = {
			isa = PBXGroup;
			children = (
				9245E4A4128263BF00D3853E /* CHMainMenu.xib */,
				9245E50D12826B1300D3853E /* CHOverlayWindowController.xib */,
				9212FF7414C774B600D30985 /* CHPreferencesWindowController.xib */,
			);
			name = Interface;
			path = source;
			sourceTree = "<group>";
		};
		9287E794127DC1FF000FCCB6 /* Models */ = {
			isa = PBXGroup;
			children = (
				BF626EA9126A65BB005D84F0 /* CHGlobals.h */,
				BF626EAA126A65BB005D84F0 /* CHGlobals.m */,
				BF626E2A126A6065005D84F0 /* CHPreferences.h */,
				BF626E2B126A6065005D84F0 /* CHPreferences.m */,
				92A50BE218EF3FBA002560DD /* CHGeometry.h */,
				92A50BE318EF3FBA002560DD /* CHGeometry.m */,
			);
			name = Models;
			sourceTree = "<group>";
		};
		92A50BDD18EF378C002560DD /* Application */ = {
			isa = PBXGroup;
			children = (
				256AC3D80F4B6AC300CF3369 /* CHAppDelegate.h */,
				256AC3D90F4B6AC300CF3369 /* CHAppDelegate.m */,
			);
			name = Application;
			sourceTree = "<group>";
		};
		92CC55A1127DF8D800A7CEED /* Controllers */ = {
			isa = PBXGroup;
			children = (
				BFECBA62125C03190001CB88 /* CHPreferencesController.h */,
				BFECBA63125C03190001CB88 /* CHPreferencesController.m */,
				9245E50A12826B0000D3853E /* CHOverlayWindowController.h */,
				9245E50B12826B0000D3853E /* CHOverlayWindowController.m */,
			);
			name = Controllers;
			sourceTree = "<group>";
		};
		92CC55A2127DFB8300A7CEED /* Views */ = {
			isa = PBXGroup;
			children = (
				BFADE6C3124C296F0065F2E0 /* CHOverlayWindow.h */,
				BFADE6C4124C296F0065F2E0 /* CHOverlayWindow.m */,
				BFADE6EE124C2A290065F2E0 /* CHOverlayView.h */,
				BFADE6EF124C2A290065F2E0 /* CHOverlayView.m */,
				92365A4C1302276F00A144A4 /* CHStatusView.h */,
				92365A4D1302276F00A144A4 /* CHStatusView.m */,
			);
			name = Views;
			sourceTree = "<group>";
		};
		BF626E2D126A6071005D84F0 /* Categories */ = {
			isa = PBXGroup;
			children = (
				BF626B38126A304A005D84F0 /* NSCursor+Custom.h */,
				BF626B39126A304A005D84F0 /* NSCursor+Custom.m */,
				9287E7B1127DC4B4000FCCB6 /* NSUserDefaults+Color.h */,
				9287E7B2127DC4B4000FCCB6 /* NSUserDefaults+Color.m */,
			);
			name = Categories;
			sourceTree = "<group>";
		};
		BF957AEA12592F8E0064B988 /* DDHotKey */ = {
			isa = PBXGroup;
			children = (
				BF957AEB12592F990064B988 /* DDHotKeyCenter.h */,
				BF957AEC12592F990064B988 /* DDHotKeyCenter.m */,
			);
			name = DDHotKey;
			sourceTree = "<group>";
		};
/* End PBXGroup section */

/* Begin PBXNativeTarget section */
		8D1107260486CEB800E47090 /* Crosshairs */ = {
			isa = PBXNativeTarget;
			buildConfigurationList = C01FCF4A08A954540054247B /* Build configuration list for PBXNativeTarget "Crosshairs" */;
			buildPhases = (
				8D1107290486CEB800E47090 /* Resources */,
				8D11072C0486CEB800E47090 /* Sources */,
				8D11072E0486CEB800E47090 /* Frameworks */,
				BFECBA01125BFE7A0001CB88 /* CopyFiles */,
			);
			buildRules = (
			);
			dependencies = (
			);
			name = Crosshairs;
			productInstallPath = "$(HOME)/Applications";
			productName = Crosshairs;
			productReference = 8D1107320486CEB800E47090 /* Crosshairs.app */;
			productType = "com.apple.product-type.application";
		};
/* End PBXNativeTarget section */

/* Begin PBXProject section */
		29B97313FDCFA39411CA2CEA /* Project object */ = {
			isa = PBXProject;
			attributes = {
				LastUpgradeCheck = 0510;
			};
			buildConfigurationList = C01FCF4E08A954540054247B /* Build configuration list for PBXProject "Crosshairs" */;
			compatibilityVersion = "Xcode 3.2";
			developmentRegion = English;
			hasScannedForEncodings = 1;
			knownRegions = (
				English,
				Japanese,
				French,
				German,
			);
			mainGroup = 29B97314FDCFA39411CA2CEA /* Crosshairs */;
			projectDirPath = "";
			projectRoot = "";
			targets = (
				8D1107260486CEB800E47090 /* Crosshairs */,
			);
		};
/* End PBXProject section */

/* Begin PBXResourcesBuildPhase section */
		8D1107290486CEB800E47090 /* Resources */ = {
			isa = PBXResourcesBuildPhase;
			buildActionMask = 2147483647;
			files = (
				8D11072B0486CEB800E47090 /* InfoPlist.strings in Resources */,
				BF9B1E28124EA86E00308205 /* crosshairs_cursor.png in Resources */,
				BF492AEB1259385800641851 /* resize_cursor_diagonal_right.tiff in Resources */,
				BF492AEC1259385800641851 /* resize_cursor_diagonal_left.tiff in Resources */,
				BFECBAD6125C0BCA0001CB88 /* crosshairs_menu_highlight.png in Resources */,
				9294587B1281150600ABF139 /* Crosshairs.icns in Resources */,
				9245E4A5128263BF00D3853E /* CHMainMenu.xib in Resources */,
				9245E50E12826B1300D3853E /* CHOverlayWindowController.xib in Resources */,
				92A50BE118EF3C17002560DD /* handle@2x.png in Resources */,
				92A50BEC18EF4153002560DD /* menu_default@2x.png in Resources */,
				92A50BE918EF4153002560DD /* menu_active.png in Resources */,
				92E8CB9512F62ED900A4FA67 /* bubble.png in Resources */,
				92A50BEB18EF4153002560DD /* menu_default.png in Resources */,
				92A50BE018EF3C17002560DD /* handle.png in Resources */,
				9212FF7514C774B600D30985 /* CHPreferencesWindowController.xib in Resources */,
				92A50BEA18EF4153002560DD /* menu_active@2x.png in Resources */,
			);
			runOnlyForDeploymentPostprocessing = 0;
		};
/* End PBXResourcesBuildPhase section */

/* Begin PBXSourcesBuildPhase section */
		8D11072C0486CEB800E47090 /* Sources */ = {
			isa = PBXSourcesBuildPhase;
			buildActionMask = 2147483647;
			files = (
				8D11072D0486CEB800E47090 /* main.m in Sources */,
				256AC3DA0F4B6AC300CF3369 /* CHAppDelegate.m in Sources */,
				BFADE6C5124C296F0065F2E0 /* CHOverlayWindow.m in Sources */,
				BFADE6F0124C2A290065F2E0 /* CHOverlayView.m in Sources */,
				BF957AED12592F990064B988 /* DDHotKeyCenter.m in Sources */,
				BFECBA64125C03190001CB88 /* CHPreferencesController.m in Sources */,
				BF626B3A126A304A005D84F0 /* NSCursor+Custom.m in Sources */,
				BF626E2C126A6065005D84F0 /* CHPreferences.m in Sources */,
				BF626EAB126A65BB005D84F0 /* CHGlobals.m in Sources */,
				9287E7B3127DC4B4000FCCB6 /* NSUserDefaults+Color.m in Sources */,
				9245E50C12826B0000D3853E /* CHOverlayWindowController.m in Sources */,
				92365A4E1302276F00A144A4 /* CHStatusView.m in Sources */,
				92A50BE418EF3FBA002560DD /* CHGeometry.m in Sources */,
			);
			runOnlyForDeploymentPostprocessing = 0;
		};
/* End PBXSourcesBuildPhase section */

/* Begin PBXVariantGroup section */
		089C165CFE840E0CC02AAC07 /* InfoPlist.strings */ = {
			isa = PBXVariantGroup;
			children = (
				089C165DFE840E0CC02AAC07 /* English */,
			);
			name = InfoPlist.strings;
			sourceTree = "<group>";
		};
/* End PBXVariantGroup section */

/* Begin XCBuildConfiguration section */
		9273174B12DA642900D55A46 /* App Store */ = {
			isa = XCBuildConfiguration;
			buildSettings = {
				GCC_C_LANGUAGE_STANDARD = gnu99;
				GCC_PREPROCESSOR_DEFINITIONS = TRIAL;
				GCC_WARN_ABOUT_RETURN_TYPE = YES;
				GCC_WARN_UNUSED_VARIABLE = YES;
				SDKROOT = macosx;
				VALID_ARCHS = "i386 x86_64";
			};
			name = "App Store";
		};
		9273174C12DA642900D55A46 /* App Store */ = {
			isa = XCBuildConfiguration;
			buildSettings = {
				ALWAYS_SEARCH_USER_PATHS = NO;
				CLANG_ENABLE_OBJC_ARC = YES;
				CODE_SIGN_ENTITLEMENTS = Crosshairs.entitlements;
				CODE_SIGN_IDENTITY = "3rd Party Mac Developer Application: Giant Comet";
				COMBINE_HIDPI_IMAGES = YES;
				DEBUG_INFORMATION_FORMAT = "dwarf-with-dsym";
				FRAMEWORK_SEARCH_PATHS = (
					"$(inherited)",
					"\"$(SRCROOT)\"",
					"\"$(SRCROOT)/frameworks\"",
				);
				GCC_MODEL_TUNING = G5;
				GCC_PRECOMPILE_PREFIX_HEADER = YES;
				GCC_PREFIX_HEADER = source/Crosshairs_Prefix.pch;
				GCC_PREPROCESSOR_DEFINITIONS = "";
				INFOPLIST_FILE = "resources/Crosshairs-Info.plist";
				INSTALL_PATH = "$(HOME)/Applications";
				MACOSX_DEPLOYMENT_TARGET = 10.9;
				PRODUCT_NAME = Crosshairs;
				PROVISIONING_PROFILE = "";
				SDKROOT = macosx;
				VALID_ARCHS = "i386 x86_64";
			};
			name = "App Store";
		};
		C01FCF4B08A954540054247B /* Debug */ = {
			isa = XCBuildConfiguration;
			buildSettings = {
				ALWAYS_SEARCH_USER_PATHS = NO;
				CLANG_ENABLE_OBJC_ARC = YES;
				CODE_SIGN_ENTITLEMENTS = Crosshairs.entitlements;
				CODE_SIGN_IDENTITY = "Mac Developer: Zachary Waugh (WJQ3EJHJF5)";
				COMBINE_HIDPI_IMAGES = YES;
				COPY_PHASE_STRIP = NO;
				FRAMEWORK_SEARCH_PATHS = (
					"$(inherited)",
					"\"$(SRCROOT)\"",
					"\"$(SRCROOT)/frameworks\"",
				);
				GCC_DYNAMIC_NO_PIC = NO;
				GCC_MODEL_TUNING = G5;
				GCC_OPTIMIZATION_LEVEL = 0;
				GCC_PRECOMPILE_PREFIX_HEADER = YES;
				GCC_PREFIX_HEADER = source/Crosshairs_Prefix.pch;
				INFOPLIST_FILE = "resources/Crosshairs-Info.plist";
				INSTALL_PATH = "$(HOME)/Applications";
				MACOSX_DEPLOYMENT_TARGET = 10.9;
				PRODUCT_NAME = Crosshairs;
				PROVISIONING_PROFILE = "";
				SDKROOT = macosx;
				VALID_ARCHS = "i386 x86_64";
			};
			name = Debug;
		};
		C01FCF4C08A954540054247B /* Release */ = {
			isa = XCBuildConfiguration;
			buildSettings = {
				ALWAYS_SEARCH_USER_PATHS = NO;
				CLANG_ENABLE_OBJC_ARC = YES;
				CODE_SIGN_ENTITLEMENTS = Crosshairs.entitlements;
				CODE_SIGN_IDENTITY = "3rd Party Mac Developer Application: Giant Comet";
				COMBINE_HIDPI_IMAGES = YES;
				DEBUG_INFORMATION_FORMAT = "dwarf-with-dsym";
				FRAMEWORK_SEARCH_PATHS = (
					"$(inherited)",
					"\"$(SRCROOT)\"",
					"\"$(SRCROOT)/frameworks\"",
				);
				GCC_MODEL_TUNING = G5;
				GCC_PRECOMPILE_PREFIX_HEADER = YES;
				GCC_PREFIX_HEADER = source/Crosshairs_Prefix.pch;
				INFOPLIST_FILE = "resources/Crosshairs-Info.plist";
				INSTALL_PATH = "$(HOME)/Applications";
				MACOSX_DEPLOYMENT_TARGET = 10.9;
				PRODUCT_NAME = Crosshairs;
				PROVISIONING_PROFILE = "";
				SDKROOT = macosx;
				VALID_ARCHS = "i386 x86_64";
			};
			name = Release;
		};
		C01FCF4F08A954540054247B /* Debug */ = {
			isa = XCBuildConfiguration;
			buildSettings = {
				GCC_C_LANGUAGE_STANDARD = gnu99;
				GCC_OPTIMIZATION_LEVEL = 0;
				GCC_WARN_ABOUT_RETURN_TYPE = YES;
				GCC_WARN_UNUSED_VARIABLE = YES;
				ONLY_ACTIVE_ARCH = YES;
				SDKROOT = macosx;
				VALID_ARCHS = "i386 x86_64";
			};
			name = Debug;
		};
		C01FCF5008A954540054247B /* Release */ = {
			isa = XCBuildConfiguration;
			buildSettings = {
				GCC_C_LANGUAGE_STANDARD = gnu99;
				GCC_WARN_ABOUT_RETURN_TYPE = YES;
				GCC_WARN_UNUSED_VARIABLE = YES;
				SDKROOT = macosx;
				VALID_ARCHS = "i386 x86_64";
			};
			name = Release;
		};
/* End XCBuildConfiguration section */

/* Begin XCConfigurationList section */
		C01FCF4A08A954540054247B /* Build configuration list for PBXNativeTarget "Crosshairs" */ = {
			isa = XCConfigurationList;
			buildConfigurations = (
				C01FCF4B08A954540054247B /* Debug */,
				C01FCF4C08A954540054247B /* Release */,
				9273174C12DA642900D55A46 /* App Store */,
			);
			defaultConfigurationIsVisible = 0;
			defaultConfigurationName = Release;
		};
		C01FCF4E08A954540054247B /* Build configuration list for PBXProject "Crosshairs" */ = {
			isa = XCConfigurationList;
			buildConfigurations = (
				C01FCF4F08A954540054247B /* Debug */,
				C01FCF5008A954540054247B /* Release */,
				9273174B12DA642900D55A46 /* App Store */,
			);
			defaultConfigurationIsVisible = 0;
			defaultConfigurationName = Release;
		};
/* End XCConfigurationList section */
	};
	rootObject = 29B97313FDCFA39411CA2CEA /* Project object */;
}
